
Microsoft Visual Studio Solution File, Format Version 12.00
# Visual Studio 14
VisualStudioVersion = 14.0.25420.1
MinimumVisualStudioVersion = 10.0.40219.1
Project("{FAE04EC0-301F-11D3-BF4B-00C04F79EFBC}") = "Forex.Core", "Forex.Core\Forex.Core.csproj", "{46FF5F93-84E8-49F7-84B8-BE201C28CCC5}"
EndProject
Project("{FAE04EC0-301F-11D3-BF4B-00C04F79EFBC}") = "Forex.DebugHost", "Forex.DebugHost\Forex.DebugHost.csproj", "{57F9160C-452C-402E-8DCF-8AB45B2D52DD}"
EndProject
Project("{FAE04EC0-301F-11D3-BF4B-00C04F79EFBC}") = "Forex.Experts", "Forex.Experts\Forex.Experts.csproj", "{D66B68D5-1CF3-476A-8038-EC60E93BF543}"
EndProject
Project("{FAE04EC0-301F-11D3-BF4B-00C04F79EFBC}") = "Forex.Strategy", "Forex.Strategy\Forex.Strategy.csproj", "{2C3E6AE5-5344-4D35-9ECD-5B1FFC5BAEE7}"
EndProject
Project("{FAE04EC0-301F-11D3-BF4B-00C04F79EFBC}") = "Forex.TestWinForm", "Forex.TestWinForm\Forex.TestWinForm.csproj", "{7D3708E0-4418-4690-9EB2-5A709C79AADD}"
EndProject
Project("{FAE04EC0-301F-11D3-BF4B-00C04F79EFBC}") = "Forex.Mvc", "Forex.Mvc\Forex.Mvc.csproj", "{B532F000-43D6-41FE-B2DF-56B291BA21EF}"
EndProject
Global
	GlobalSection(SolutionConfigurationPlatforms) = preSolution
		Debug|Any CPU = Debug|Any CPU
		Release|Any CPU = Release|Any CPU
	EndGlobalSection
	GlobalSection(ProjectConfigurationPlatforms) = postSolution
		{46FF5F93-84E8-49F7-84B8-BE201C28CCC5}.Debug|Any CPU.ActiveCfg = Debug|Any CPU
		{46FF5F93-84E8-49F7-84B8-BE201C28CCC5}.Debug|Any CPU.Build.0 = Debug|Any CPU
		{46FF5F93-84E8-49F7-84B8-BE201C28CCC5}.Release|Any CPU.ActiveCfg = Release|Any CPU
		{46FF5F93-84E8-49F7-84B8-BE201C28CCC5}.Release|Any CPU.Build.0 = Release|Any CPU
		{57F9160C-452C-402E-8DCF-8AB45B2D52DD}.Debug|Any CPU.ActiveCfg = Debug|Any CPU
		{57F9160C-452C-402E-8DCF-8AB45B2D52DD}.Debug|Any CPU.Build.0 = Debug|Any CPU
		{57F9160C-452C-402E-8DCF-8AB45B2D52DD}.Release|Any CPU.ActiveCfg = Release|Any CPU
		{57F9160C-452C-402E-8DCF-8AB45B2D52DD}.Release|Any CPU.Build.0 = Release|Any CPU
		{D66B68D5-1CF3-476A-8038-EC60E93BF543}.Debug|Any CPU.ActiveCfg = Debug|Any CPU
		{D66B68D5-1CF3-476A-8038-EC60E93BF543}.Debug|Any CPU.Build.0 = Debug|Any CPU
		{D66B68D5-1CF3-476A-8038-EC60E93BF543}.Release|Any CPU.ActiveCfg = Release|Any CPU
		{D66B68D5-1CF3-476A-8038-EC60E93BF543}.Release|Any CPU.Build.0 = Release|Any CPU
		{2C3E6AE5-5344-4D35-9ECD-5B1FFC5BAEE7}.Debug|Any CPU.ActiveCfg = Debug|Any CPU
		{2C3E6AE5-5344-4D35-9ECD-5B1FFC5BAEE7}.Debug|Any CPU.Build.0 = Debug|Any CPU
		{2C3E6AE5-5344-4D35-9ECD-5B1FFC5BAEE7}.Release|Any CPU.ActiveCfg = Release|Any CPU
		{2C3E6AE5-5344-4D35-9ECD-5B1FFC5BAEE7}.Release|Any CPU.Build.0 = Release|Any CPU
		{7D3708E0-4418-4690-9EB2-5A709C79AADD}.Debug|Any CPU.ActiveCfg = Debug|Any CPU
		{7D3708E0-4418-4690-9EB2-5A709C79AADD}.Debug|Any CPU.Build.0 = Debug|Any CPU
		{7D3708E0-4418-4690-9EB2-5A709C79AADD}.Release|Any CPU.ActiveCfg = Release|Any CPU
		{7D3708E0-4418-4690-9EB2-5A709C79AADD}.Release|Any CPU.Build.0 = Release|Any CPU
		{B532F000-43D6-41FE-B2DF-56B291BA21EF}.Debug|Any CPU.ActiveCfg = Debug|Any CPU
		{B532F000-43D6-41FE-B2DF-56B291BA21EF}.Debug|Any CPU.Build.0 = Debug|Any CPU
		{B532F000-43D6-41FE-B2DF-56B291BA21EF}.Release|Any CPU.ActiveCfg = Release|Any CPU
		{B532F000-43D6-41FE-B2DF-56B291BA21EF}.Release|Any CPU.Build.0 = Release|Any CPU
	EndGlobalSection
	GlobalSection(SolutionProperties) = preSolution
		HideSolutionNode = FALSE
	EndGlobalSection
EndGlobal
