
Microsoft Visual Studio Solution File, Format Version 12.00
# Visual Studio 14
VisualStudioVersion = 14.0.25420.1
MinimumVisualStudioVersion = 10.0.40219.1
Project("{FAE04EC0-301F-11D3-BF4B-00C04F79EFBC}") = "Forex.Core", "Forex.Core\Forex.Core.csproj", "{46FF5F93-84E8-49F7-84B8-BE201C28CCC5}"
EndProject
Project("{FAE04EC0-301F-11D3-BF4B-00C04F79EFBC}") = "Forex.DebugHost", "Forex.DebugHost\Forex.DebugHost.csproj", "{57F9160C-452C-402E-8DCF-8AB45B2D52DD}"
EndProject
Project("{FAE04EC0-301F-11D3-BF4B-00C04F79EFBC}") = "Forex.Experts", "Forex.Experts\Forex.Experts.csproj", "{D66B68D5-1CF3-476A-8038-EC60E93BF543}"
EndProject
Global
	GlobalSection(SolutionConfigurationPlatforms) = preSolution
		Debug|Any CPU = Debug|Any CPU
		Release|Any CPU = Release|Any CPU
	EndGlobalSection
	GlobalSection(ProjectConfigurationPlatforms) = postSolution
		{46FF5F93-84E8-49F7-84B8-BE201C28CCC5}.Debug|Any CPU.ActiveCfg = Debug|Any CPU
		{46FF5F93-84E8-49F7-84B8-BE201C28CCC5}.Debug|Any CPU.Build.0 = Debug|Any CPU
		{46FF5F93-84E8-49F7-84B8-BE201C28CCC5}.Release|Any CPU.ActiveCfg = Release|Any CPU
		{46FF5F93-84E8-49F7-84B8-BE201C28CCC5}.Release|Any CPU.Build.0 = Release|Any CPU
		{57F9160C-452C-402E-8DCF-8AB45B2D52DD}.Debug|Any CPU.ActiveCfg = Debug|Any CPU
		{57F9160C-452C-402E-8DCF-8AB45B2D52DD}.Debug|Any CPU.Build.0 = Debug|Any CPU
		{57F9160C-452C-402E-8DCF-8AB45B2D52DD}.Release|Any CPU.ActiveCfg = Release|Any CPU
		{57F9160C-452C-402E-8DCF-8AB45B2D52DD}.Release|Any CPU.Build.0 = Release|Any CPU
		{D66B68D5-1CF3-476A-8038-EC60E93BF543}.Debug|Any CPU.ActiveCfg = Debug|Any CPU
		{D66B68D5-1CF3-476A-8038-EC60E93BF543}.Debug|Any CPU.Build.0 = Debug|Any CPU
		{D66B68D5-1CF3-476A-8038-EC60E93BF543}.Release|Any CPU.ActiveCfg = Release|Any CPU
		{D66B68D5-1CF3-476A-8038-EC60E93BF543}.Release|Any CPU.Build.0 = Release|Any CPU
	EndGlobalSection
	GlobalSection(SolutionProperties) = preSolution
		HideSolutionNode = FALSE
	EndGlobalSection
EndGlobal
